{
  "name": "arc-crypto-utils",
  "version": "0.0.1",
  "lockfileVersion": 2,
  "requires": true,
  "packages": {
    "": {
      "name": "arc-crypto-utils",
      "version": "0.0.1",
      "license": "(MIT AND Apache-2.0)",
      "devDependencies": {
        "@types/node": "^18.13.0"
      }
    },
    "node_modules/@types/node": {
      "version": "18.17.15",
      "resolved": "https://registry.npmjs.org/@types/node/-/node-18.17.15.tgz",
      "integrity": "sha512-2yrWpBk32tvV/JAd3HNHWuZn/VDN1P+72hWirHnvsvTGSqbANi+kSeuQR9yAHnbvaBvHDsoTdXV0Fe+iRtHLKA==",
      "dev": true
    }
  },
  "dependencies": {
    "@types/node": {
      "version": "18.17.15",
      "resolved": "https://registry.npmjs.org/@types/node/-/node-18.17.15.tgz",
      "integrity": "sha512-2yrWpBk32tvV/JAd3HNHWuZn/VDN1P+72hWirHnvsvTGSqbANi+kSeuQR9yAHnbvaBvHDsoTdXV0Fe+iRtHLKA==",
      "dev": true
    }
  }
}
